
Microsoft Visual Studio Solution File, Format Version 12.00
# Visual Studio Version 17
VisualStudioVersion = 17.3.32611.2
MinimumVisualStudioVersion = 10.0.40219.1
Project("{FAE04EC0-301F-11D3-BF4B-00C04F79EFBC}") = "SimpleBlazorPieChart", "SimpleBlazorPieChart\SimpleBlazorPieChart.csproj", "{A1668CB3-25E9-42E5-8048-CECB91A6DF4E}"
EndProject
Project("{FAE04EC0-301F-11D3-BF4B-00C04F79EFBC}") = "PieChartExample", "PieChartExample\PieChartExample.csproj", "{2FA51464-E49E-47B5-BE51-D1E82A0FE200}"
EndProject
Global
	GlobalSection(SolutionConfigurationPlatforms) = preSolution
		Debug|Any CPU = Debug|Any CPU
		Release|Any CPU = Release|Any CPU
	EndGlobalSection
	GlobalSection(ProjectConfigurationPlatforms) = postSolution
		{A1668CB3-25E9-42E5-8048-CECB91A6DF4E}.Debug|Any CPU.ActiveCfg = Debug|Any CPU
		{A1668CB3-25E9-42E5-8048-CECB91A6DF4E}.Debug|Any CPU.Build.0 = Debug|Any CPU
		{A1668CB3-25E9-42E5-8048-CECB91A6DF4E}.Release|Any CPU.ActiveCfg = Release|Any CPU
		{A1668CB3-25E9-42E5-8048-CECB91A6DF4E}.Release|Any CPU.Build.0 = Release|Any CPU
		{2FA51464-E49E-47B5-BE51-D1E82A0FE200}.Debug|Any CPU.ActiveCfg = Debug|Any CPU
		{2FA51464-E49E-47B5-BE51-D1E82A0FE200}.Debug|Any CPU.Build.0 = Debug|Any CPU
		{2FA51464-E49E-47B5-BE51-D1E82A0FE200}.Release|Any CPU.ActiveCfg = Release|Any CPU
		{2FA51464-E49E-47B5-BE51-D1E82A0FE200}.Release|Any CPU.Build.0 = Release|Any CPU
	EndGlobalSection
	GlobalSection(SolutionProperties) = preSolution
		HideSolutionNode = FALSE
	EndGlobalSection
	GlobalSection(ExtensibilityGlobals) = postSolution
		SolutionGuid = {5C3FDFEB-D9C6-45D5-ABF6-D690CA1ACBF5}
	EndGlobalSection
EndGlobal
